
Microsoft Visual Studio Solution File, Format Version 12.00
# Visual Studio Version 17
VisualStudioVersion = 17.9.34728.123
MinimumVisualStudioVersion = 10.0.40219.1
Project("{FAE04EC0-301F-11D3-BF4B-00C04F79EFBC}") = "HandsForPeaceMakingAPI", "HandsForPeaceMakingAPI.csproj", "{277419D4-7994-48ED-B87E-91FFF7D86C29}"
EndProject
Global
	GlobalSection(SolutionConfigurationPlatforms) = preSolution
		Debug|Any CPU = Debug|Any CPU
		Release|Any CPU = Release|Any CPU
	EndGlobalSection
	GlobalSection(ProjectConfigurationPlatforms) = postSolution
		{277419D4-7994-48ED-B87E-91FFF7D86C29}.Debug|Any CPU.ActiveCfg = Debug|Any CPU
		{277419D4-7994-48ED-B87E-91FFF7D86C29}.Debug|Any CPU.Build.0 = Debug|Any CPU
		{277419D4-7994-48ED-B87E-91FFF7D86C29}.Release|Any CPU.ActiveCfg = Release|Any CPU
		{277419D4-7994-48ED-B87E-91FFF7D86C29}.Release|Any CPU.Build.0 = Release|Any CPU
	EndGlobalSection
	GlobalSection(SolutionProperties) = preSolution
		HideSolutionNode = FALSE
	EndGlobalSection
	GlobalSection(ExtensibilityGlobals) = postSolution
		SolutionGuid = {2043C3FB-BBB5-4381-ACE5-EA2DF4B60502}
	EndGlobalSection
EndGlobal
